
Microsoft Visual Studio Solution File, Format Version 12.00
# Visual Studio 15
VisualStudioVersion = 15.0.26430.14
MinimumVisualStudioVersion = 10.0.40219.1
Project("{9A19103F-16F7-4668-BE54-9A1E7A4F7556}") = "ConsoleBanking", "ConsoleBanking\ConsoleBanking.csproj", "{CAB5E831-10D2-49DD-8F3C-4CBB2D3622C4}"
EndProject
Project("{FAE04EC0-301F-11D3-BF4B-00C04F79EFBC}") = "HtmlBanking", "HtmlBanking\HtmlBanking.csproj", "{DE568D24-8698-496E-A7F7-DCBA1C6F3B4A}"
EndProject
Project("{2150E333-8FDC-42A3-9474-1A3956D46DE8}") = "Shared", "Shared", "{32B367DC-A248-43F1-AD99-3E6D16B31421}"
	ProjectSection(SolutionItems) = preProject
		SharedResources.xml = SharedResources.xml
	EndProjectSection
EndProject
Global
	GlobalSection(SolutionConfigurationPlatforms) = preSolution
		Debug|Any CPU = Debug|Any CPU
		Release|Any CPU = Release|Any CPU
	EndGlobalSection
	GlobalSection(ProjectConfigurationPlatforms) = postSolution
		{CAB5E831-10D2-49DD-8F3C-4CBB2D3622C4}.Debug|Any CPU.ActiveCfg = Debug|Any CPU
		{CAB5E831-10D2-49DD-8F3C-4CBB2D3622C4}.Debug|Any CPU.Build.0 = Debug|Any CPU
		{CAB5E831-10D2-49DD-8F3C-4CBB2D3622C4}.Release|Any CPU.ActiveCfg = Release|Any CPU
		{CAB5E831-10D2-49DD-8F3C-4CBB2D3622C4}.Release|Any CPU.Build.0 = Release|Any CPU
		{DE568D24-8698-496E-A7F7-DCBA1C6F3B4A}.Debug|Any CPU.ActiveCfg = Debug|Any CPU
		{DE568D24-8698-496E-A7F7-DCBA1C6F3B4A}.Debug|Any CPU.Build.0 = Debug|Any CPU
		{DE568D24-8698-496E-A7F7-DCBA1C6F3B4A}.Release|Any CPU.ActiveCfg = Release|Any CPU
		{DE568D24-8698-496E-A7F7-DCBA1C6F3B4A}.Release|Any CPU.Build.0 = Release|Any CPU
	EndGlobalSection
	GlobalSection(SolutionProperties) = preSolution
		HideSolutionNode = FALSE
	EndGlobalSection
	GlobalSection(MonoDevelopProperties) = preSolution
		StartupItem = Bank\Bank.csproj
	EndGlobalSection
EndGlobal
