
Microsoft Visual Studio Solution File, Format Version 12.00
# Visual Studio 15
VisualStudioVersion = 15.0.26430.14
MinimumVisualStudioVersion = 10.0.40219.1
Project("{9A19103F-16F7-4668-BE54-9A1E7A4F7556}") = "ConsoleBanking", "ConsoleBanking\ConsoleBanking.csproj", "{CAB5E831-10D2-49DD-8F3C-4CBB2D3622C4}"
	ProjectSection(ProjectDependencies) = postProject
		{79ABC556-66AF-4BCF-BEFC-3C7B11197786} = {79ABC556-66AF-4BCF-BEFC-3C7B11197786}
		{FDBD819D-B5D4-410A-8920-B048B81571AD} = {FDBD819D-B5D4-410A-8920-B048B81571AD}
	EndProjectSection
EndProject
Project("{FAE04EC0-301F-11D3-BF4B-00C04F79EFBC}") = "HtmlClient", "HtmlClient\HtmlClient.csproj", "{79ABC556-66AF-4BCF-BEFC-3C7B11197786}"
EndProject
Project("{D954291E-2A0B-460D-934E-DC6B0785DB48}") = "SharedResources", "SharedResources\SharedResources.shproj", "{ABC899A2-B407-404B-B321-135E2F9B6EA3}"
EndProject
Project("{FAE04EC0-301F-11D3-BF4B-00C04F79EFBC}") = "Libraries", "Libraries\Libraries.csproj", "{FDBD819D-B5D4-410A-8920-B048B81571AD}"
EndProject
Global
	GlobalSection(SharedMSBuildProjectFiles) = preSolution
		SharedResources\SharedResources.projitems*{abc899a2-b407-404b-b321-135e2f9b6ea3}*SharedItemsImports = 13
	EndGlobalSection
	GlobalSection(SolutionConfigurationPlatforms) = preSolution
		consoledebug|Any CPU = consoledebug|Any CPU
		Debug|Any CPU = Debug|Any CPU
		Release|Any CPU = Release|Any CPU
	EndGlobalSection
	GlobalSection(ProjectConfigurationPlatforms) = postSolution
		{CAB5E831-10D2-49DD-8F3C-4CBB2D3622C4}.consoledebug|Any CPU.ActiveCfg = Debug|Any CPU
		{CAB5E831-10D2-49DD-8F3C-4CBB2D3622C4}.consoledebug|Any CPU.Build.0 = Debug|Any CPU
		{CAB5E831-10D2-49DD-8F3C-4CBB2D3622C4}.consoledebug|Any CPU.Deploy.0 = Debug|Any CPU
		{CAB5E831-10D2-49DD-8F3C-4CBB2D3622C4}.Debug|Any CPU.ActiveCfg = Debug|Any CPU
		{CAB5E831-10D2-49DD-8F3C-4CBB2D3622C4}.Debug|Any CPU.Build.0 = Debug|Any CPU
		{CAB5E831-10D2-49DD-8F3C-4CBB2D3622C4}.Release|Any CPU.ActiveCfg = Release|Any CPU
		{CAB5E831-10D2-49DD-8F3C-4CBB2D3622C4}.Release|Any CPU.Build.0 = Release|Any CPU
		{79ABC556-66AF-4BCF-BEFC-3C7B11197786}.consoledebug|Any CPU.ActiveCfg = Debug|Any CPU
		{79ABC556-66AF-4BCF-BEFC-3C7B11197786}.consoledebug|Any CPU.Deploy.0 = Debug|Any CPU
		{79ABC556-66AF-4BCF-BEFC-3C7B11197786}.Debug|Any CPU.ActiveCfg = Debug|Any CPU
		{79ABC556-66AF-4BCF-BEFC-3C7B11197786}.Debug|Any CPU.Build.0 = Debug|Any CPU
		{79ABC556-66AF-4BCF-BEFC-3C7B11197786}.Debug|Any CPU.Deploy.0 = Debug|Any CPU
		{79ABC556-66AF-4BCF-BEFC-3C7B11197786}.Release|Any CPU.ActiveCfg = Release|Any CPU
		{79ABC556-66AF-4BCF-BEFC-3C7B11197786}.Release|Any CPU.Build.0 = Release|Any CPU
		{FDBD819D-B5D4-410A-8920-B048B81571AD}.consoledebug|Any CPU.ActiveCfg = Release|Any CPU
		{FDBD819D-B5D4-410A-8920-B048B81571AD}.consoledebug|Any CPU.Build.0 = Release|Any CPU
		{FDBD819D-B5D4-410A-8920-B048B81571AD}.Debug|Any CPU.ActiveCfg = Debug|Any CPU
		{FDBD819D-B5D4-410A-8920-B048B81571AD}.Debug|Any CPU.Build.0 = Debug|Any CPU
		{FDBD819D-B5D4-410A-8920-B048B81571AD}.Release|Any CPU.ActiveCfg = Release|Any CPU
		{FDBD819D-B5D4-410A-8920-B048B81571AD}.Release|Any CPU.Build.0 = Release|Any CPU
	EndGlobalSection
	GlobalSection(SolutionProperties) = preSolution
		HideSolutionNode = FALSE
	EndGlobalSection
	GlobalSection(MonoDevelopProperties) = preSolution
		StartupItem = Bank\Bank.csproj
	EndGlobalSection
EndGlobal
